
Microsoft Visual Studio Solution File, Format Version 12.00
# Visual Studio Version 16
VisualStudioVersion = 16.0.29111.141
MinimumVisualStudioVersion = 10.0.40219.1
Project("{9A19103F-16F7-4668-BE54-9A1E7A4F7556}") = "BlazorPageLoadingOverlay", "BlazorPageLoadingOverlay\BlazorPageLoadingOverlay.csproj", "{4A7676B8-9A2E-444E-900B-4A1BE956EE47}"
EndProject
Global
	GlobalSection(SolutionConfigurationPlatforms) = preSolution
		Debug|Any CPU = Debug|Any CPU
		Release|Any CPU = Release|Any CPU
	EndGlobalSection
	GlobalSection(ProjectConfigurationPlatforms) = postSolution
		{4A7676B8-9A2E-444E-900B-4A1BE956EE47}.Debug|Any CPU.ActiveCfg = Debug|Any CPU
		{4A7676B8-9A2E-444E-900B-4A1BE956EE47}.Debug|Any CPU.Build.0 = Debug|Any CPU
		{4A7676B8-9A2E-444E-900B-4A1BE956EE47}.Release|Any CPU.ActiveCfg = Release|Any CPU
		{4A7676B8-9A2E-444E-900B-4A1BE956EE47}.Release|Any CPU.Build.0 = Release|Any CPU
	EndGlobalSection
	GlobalSection(SolutionProperties) = preSolution
		HideSolutionNode = FALSE
	EndGlobalSection
	GlobalSection(ExtensibilityGlobals) = postSolution
		SolutionGuid = {F49C2C15-07BC-49F1-BDF9-EAA0ABDE3989}
	EndGlobalSection
EndGlobal
